
Microsoft Visual Studio Solution File, Format Version 12.00
# Visual Studio Version 17
VisualStudioVersion = 17.14.36127.28 d17.14
MinimumVisualStudioVersion = 10.0.40219.1
Project("{FAE04EC0-301F-11D3-BF4B-00C04F79EFBC}") = "TravelUp-Task", "TravelUp-Task\TravelUp-Task.csproj", "{81E44C0C-F8BF-4BBF-BE68-22D4E6762330}"
EndProject
Global
	GlobalSection(SolutionConfigurationPlatforms) = preSolution
		Debug|Any CPU = Debug|Any CPU
		Release|Any CPU = Release|Any CPU
	EndGlobalSection
	GlobalSection(ProjectConfigurationPlatforms) = postSolution
		{81E44C0C-F8BF-4BBF-BE68-22D4E6762330}.Debug|Any CPU.ActiveCfg = Debug|Any CPU
		{81E44C0C-F8BF-4BBF-BE68-22D4E6762330}.Debug|Any CPU.Build.0 = Debug|Any CPU
		{81E44C0C-F8BF-4BBF-BE68-22D4E6762330}.Release|Any CPU.ActiveCfg = Release|Any CPU
		{81E44C0C-F8BF-4BBF-BE68-22D4E6762330}.Release|Any CPU.Build.0 = Release|Any CPU
	EndGlobalSection
	GlobalSection(SolutionProperties) = preSolution
		HideSolutionNode = FALSE
	EndGlobalSection
	GlobalSection(ExtensibilityGlobals) = postSolution
		SolutionGuid = {F422385A-0487-4029-A795-9BF730B107B2}
	EndGlobalSection
EndGlobal
